// !$*UTF8*$!
{
	archiveVersion = 1;
	classes = {
	};
	objectVersion = 56;
	objects = {

/* Begin PBXBuildFile section */
		8342FBD3299B4736005926F5 /* AppDelegate.swift in Sources */ = {isa = PBXBuildFile; fileRef = 8342FBD2299B4736005926F5 /* AppDelegate.swift */; };
		8342FBD5299B4736005926F5 /* SceneDelegate.swift in Sources */ = {isa = PBXBuildFile; fileRef = 8342FBD4299B4736005926F5 /* SceneDelegate.swift */; };
		8342FBD7299B4736005926F5 /* ViewController.swift in Sources */ = {isa = PBXBuildFile; fileRef = 8342FBD6299B4736005926F5 /* ViewController.swift */; };
		8342FBDA299B4736005926F5 /* Main.storyboard in Resources */ = {isa = PBXBuildFile; fileRef = 8342FBD8299B4736005926F5 /* Main.storyboard */; };
		8342FBDC299B4737005926F5 /* Assets.xcassets in Resources */ = {isa = PBXBuildFile; fileRef = 8342FBDB299B4737005926F5 /* Assets.xcassets */; };
		8342FBDF299B4737005926F5 /* LaunchScreen.storyboard in Resources */ = {isa = PBXBuildFile; fileRef = 8342FBDD299B4737005926F5 /* LaunchScreen.storyboard */; };
		8342FBE7299B56B1005926F5 /* NavigationViewController.swift in Sources */ = {isa = PBXBuildFile; fileRef = 8342FBE6299B56B1005926F5 /* NavigationViewController.swift */; };
		83F297F1299B6C9C009B2E22 /* CurrencyConverterModel.swift in Sources */ = {isa = PBXBuildFile; fileRef = 83F297F0299B6C9C009B2E22 /* CurrencyConverterModel.swift */; };
/* End PBXBuildFile section */

/* Begin PBXFileReference section */
		8342FBCF299B4736005926F5 /* AU_05.app */ = {isa = PBXFileReference; explicitFileType = wrapper.application; includeInIndex = 0; path = AU_05.app; sourceTree = BUILT_PRODUCTS_DIR; };
		8342FBD2299B4736005926F5 /* AppDelegate.swift */ = {isa = PBXFileReference; lastKnownFileType = sourcecode.swift; path = AppDelegate.swift; sourceTree = "<group>"; };
		8342FBD4299B4736005926F5 /* SceneDelegate.swift */ = {isa = PBXFileReference; lastKnownFileType = sourcecode.swift; path = SceneDelegate.swift; sourceTree = "<group>"; };
		8342FBD6299B4736005926F5 /* ViewController.swift */ = {isa = PBXFileReference; lastKnownFileType = sourcecode.swift; path = ViewController.swift; sourceTree = "<group>"; };
		8342FBD9299B4736005926F5 /* Base */ = {isa = PBXFileReference; lastKnownFileType = file.storyboard; name = Base; path = Base.lproj/Main.storyboard; sourceTree = "<group>"; };
		8342FBDB299B4737005926F5 /* Assets.xcassets */ = {isa = PBXFileReference; lastKnownFileType = folder.assetcatalog; path = Assets.xcassets; sourceTree = "<group>"; };
		8342FBDE299B4737005926F5 /* Base */ = {isa = PBXFileReference; lastKnownFileType = file.storyboard; name = Base; path = Base.lproj/LaunchScreen.storyboard; sourceTree = "<group>"; };
		8342FBE0299B4737005926F5 /* Info.plist */ = {isa = PBXFileReference; lastKnownFileType = text.plist.xml; path = Info.plist; sourceTree = "<group>"; };
		8342FBE6299B56B1005926F5 /* NavigationViewController.swift */ = {isa = PBXFileReference; lastKnownFileType = sourcecode.swift; path = NavigationViewController.swift; sourceTree = "<group>"; };
		83F297F0299B6C9C009B2E22 /* CurrencyConverterModel.swift */ = {isa = PBXFileReference; lastKnownFileType = sourcecode.swift; path = CurrencyConverterModel.swift; sourceTree = "<group>"; };
/* End PBXFileReference section */

/* Begin PBXFrameworksBuildPhase section */
		8342FBCC299B4736005926F5 /* Frameworks */ = {
			isa = PBXFrameworksBuildPhase;
			buildActionMask = 2147483647;
			files = (
			);
			runOnlyForDeploymentPostprocessing = 0;
		};
/* End PBXFrameworksBuildPhase section */

/* Begin PBXGroup section */
		8342FBC6299B4736005926F5 = {
			isa = PBXGroup;
			children = (
				8342FBD1299B4736005926F5 /* AU_05 */,
				8342FBD0299B4736005926F5 /* Products */,
			);
			sourceTree = "<group>";
		};
		8342FBD0299B4736005926F5 /* Products */ = {
			isa = PBXGroup;
			children = (
				8342FBCF299B4736005926F5 /* AU_05.app */,
			);
			name = Products;
			sourceTree = "<group>";
		};
		8342FBD1299B4736005926F5 /* AU_05 */ = {
			isa = PBXGroup;
			children = (
				8342FBD2299B4736005926F5 /* AppDelegate.swift */,
				8342FBD4299B4736005926F5 /* SceneDelegate.swift */,
				83F297EE299B6C5A009B2E22 /* View */,
				83F297EF299B6C6E009B2E22 /* Model */,
				8342FBD8299B4736005926F5 /* Main.storyboard */,
				8342FBDB299B4737005926F5 /* Assets.xcassets */,
				8342FBDD299B4737005926F5 /* LaunchScreen.storyboard */,
				8342FBE0299B4737005926F5 /* Info.plist */,
			);
			path = AU_05;
			sourceTree = "<group>";
		};
		83F297EE299B6C5A009B2E22 /* View */ = {
			isa = PBXGroup;
			children = (
				8342FBD6299B4736005926F5 /* ViewController.swift */,
				8342FBE6299B56B1005926F5 /* NavigationViewController.swift */,
			);
			path = View;
			sourceTree = "<group>";
		};
		83F297EF299B6C6E009B2E22 /* Model */ = {
			isa = PBXGroup;
			children = (
				83F297F0299B6C9C009B2E22 /* CurrencyConverterModel.swift */,
			);
			path = Model;
			sourceTree = "<group>";
		};
/* End PBXGroup section */

/* Begin PBXNativeTarget section */
		8342FBCE299B4736005926F5 /* AU_05 */ = {
			isa = PBXNativeTarget;
			buildConfigurationList = 8342FBE3299B4737005926F5 /* Build configuration list for PBXNativeTarget "AU_05" */;
			buildPhases = (
				8342FBCB299B4736005926F5 /* Sources */,
				8342FBCC299B4736005926F5 /* Frameworks */,
				8342FBCD299B4736005926F5 /* Resources */,
			);
			buildRules = (
			);
			dependencies = (
			);
			name = AU_05;
			productName = AU_05;
			productReference = 8342FBCF299B4736005926F5 /* AU_05.app */;
			productType = "com.apple.product-type.application";
		};
/* End PBXNativeTarget section */

/* Begin PBXProject section */
		8342FBC7299B4736005926F5 /* Project object */ = {
			isa = PBXProject;
			attributes = {
				BuildIndependentTargetsInParallel = 1;
				LastSwiftUpdateCheck = 1410;
				LastUpgradeCheck = 1410;
				TargetAttributes = {
					8342FBCE299B4736005926F5 = {
						CreatedOnToolsVersion = 14.1;
					};
				};
			};
			buildConfigurationList = 8342FBCA299B4736005926F5 /* Build configuration list for PBXProject "AU_05" */;
			compatibilityVersion = "Xcode 14.0";
			developmentRegion = en;
			hasScannedForEncodings = 0;
			knownRegions = (
				en,
				Base,
			);
			mainGroup = 8342FBC6299B4736005926F5;
			productRefGroup = 8342FBD0299B4736005926F5 /* Products */;
			projectDirPath = "";
			projectRoot = "";
			targets = (
				8342FBCE299B4736005926F5 /* AU_05 */,
			);
		};
/* End PBXProject section */

/* Begin PBXResourcesBuildPhase section */
		8342FBCD299B4736005926F5 /* Resources */ = {
			isa = PBXResourcesBuildPhase;
			buildActionMask = 2147483647;
			files = (
				8342FBDF299B4737005926F5 /* LaunchScreen.storyboard in Resources */,
				8342FBDC299B4737005926F5 /* Assets.xcassets in Resources */,
				8342FBDA299B4736005926F5 /* Main.storyboard in Resources */,
			);
			runOnlyForDeploymentPostprocessing = 0;
		};
/* End PBXResourcesBuildPhase section */

/* Begin PBXSourcesBuildPhase section */
		8342FBCB299B4736005926F5 /* Sources */ = {
			isa = PBXSourcesBuildPhase;
			buildActionMask = 2147483647;
			files = (
				8342FBE7299B56B1005926F5 /* NavigationViewController.swift in Sources */,
				83F297F1299B6C9C009B2E22 /* CurrencyConverterModel.swift in Sources */,
				8342FBD7299B4736005926F5 /* ViewController.swift in Sources */,
				8342FBD3299B4736005926F5 /* AppDelegate.swift in Sources */,
				8342FBD5299B4736005926F5 /* SceneDelegate.swift in Sources */,
			);
			runOnlyForDeploymentPostprocessing = 0;
		};
/* End PBXSourcesBuildPhase section */

/* Begin PBXVariantGroup section */
		8342FBD8299B4736005926F5 /* Main.storyboard */ = {
			isa = PBXVariantGroup;
			children = (
				8342FBD9299B4736005926F5 /* Base */,
			);
			name = Main.storyboard;
			sourceTree = "<group>";
		};
		8342FBDD299B4737005926F5 /* LaunchScreen.storyboard */ = {
			isa = PBXVariantGroup;
			children = (
				8342FBDE299B4737005926F5 /* Base */,
			);
			name = LaunchScreen.storyboard;
			sourceTree = "<group>";
		};
/* End PBXVariantGroup section */

/* Begin XCBuildConfiguration section */
		8342FBE1299B4737005926F5 /* Debug */ = {
			isa = XCBuildConfiguration;
			buildSettings = {
				ALWAYS_SEARCH_USER_PATHS = NO;
				CLANG_ANALYZER_NONNULL = YES;
				CLANG_ANALYZER_NUMBER_OBJECT_CONVERSION = YES_AGGRESSIVE;
				CLANG_CXX_LANGUAGE_STANDARD = "gnu++20";
				CLANG_ENABLE_MODULES = YES;
				CLANG_ENABLE_OBJC_ARC = YES;
				CLANG_ENABLE_OBJC_WEAK = YES;
				CLANG_WARN_BLOCK_CAPTURE_AUTORELEASING = YES;
				CLANG_WARN_BOOL_CONVERSION = YES;
				CLANG_WARN_COMMA = YES;
				CLANG_WARN_CONSTANT_CONVERSION = YES;
				CLANG_WARN_DEPRECATED_OBJC_IMPLEMENTATIONS = YES;
				CLANG_WARN_DIRECT_OBJC_ISA_USAGE = YES_ERROR;
				CLANG_WARN_DOCUMENTATION_COMMENTS = YES;
				CLANG_WARN_EMPTY_BODY = YES;
				CLANG_WARN_ENUM_CONVERSION = YES;
				CLANG_WARN_INFINITE_RECURSION = YES;
				CLANG_WARN_INT_CONVERSION = YES;
				CLANG_WARN_NON_LITERAL_NULL_CONVERSION = YES;
				CLANG_WARN_OBJC_IMPLICIT_RETAIN_SELF = YES;
				CLANG_WARN_OBJC_LITERAL_CONVERSION = YES;
				CLANG_WARN_OBJC_ROOT_CLASS = YES_ERROR;
				CLANG_WARN_QUOTED_INCLUDE_IN_FRAMEWORK_HEADER = YES;
				CLANG_WARN_RANGE_LOOP_ANALYSIS = YES;
				CLANG_WARN_STRICT_PROTOTYPES = YES;
				CLANG_WARN_SUSPICIOUS_MOVE = YES;
				CLANG_WARN_UNGUARDED_AVAILABILITY = YES_AGGRESSIVE;
				CLANG_WARN_UNREACHABLE_CODE = YES;
				CLANG_WARN__DUPLICATE_METHOD_MATCH = YES;
				COPY_PHASE_STRIP = NO;
				DEBUG_INFORMATION_FORMAT = dwarf;
				ENABLE_STRICT_OBJC_MSGSEND = YES;
				ENABLE_TESTABILITY = YES;
				GCC_C_LANGUAGE_STANDARD = gnu11;
				GCC_DYNAMIC_NO_PIC = NO;
				GCC_NO_COMMON_BLOCKS = YES;
				GCC_OPTIMIZATION_LEVEL = 0;
				GCC_PREPROCESSOR_DEFINITIONS = (
					"DEBUG=1",
					"$(inherited)",
				);
				GCC_WARN_64_TO_32_BIT_CONVERSION = YES;
				GCC_WARN_ABOUT_RETURN_TYPE = YES_ERROR;
				GCC_WARN_UNDECLARED_SELECTOR = YES;
				GCC_WARN_UNINITIALIZED_AUTOS = YES_AGGRESSIVE;
				GCC_WARN_UNUSED_FUNCTION = YES;
				GCC_WARN_UNUSED_VARIABLE = YES;
				IPHONEOS_DEPLOYMENT_TARGET = 16.1;
				MTL_ENABLE_DEBUG_INFO = INCLUDE_SOURCE;
				MTL_FAST_MATH = YES;
				ONLY_ACTIVE_ARCH = YES;
				SDKROOT = iphoneos;
				SWIFT_ACTIVE_COMPILATION_CONDITIONS = DEBUG;
				SWIFT_OPTIMIZATION_LEVEL = "-Onone";
			};
			name = Debug;
		};
		8342FBE2299B4737005926F5 /* Release */ = {
			isa = XCBuildConfiguration;
			buildSettings = {
				ALWAYS_SEARCH_USER_PATHS = NO;
				CLANG_ANALYZER_NONNULL = YES;
				CLANG_ANALYZER_NUMBER_OBJECT_CONVERSION = YES_AGGRESSIVE;
				CLANG_CXX_LANGUAGE_STANDARD = "gnu++20";
				CLANG_ENABLE_MODULES = YES;
				CLANG_ENABLE_OBJC_ARC = YES;
				CLANG_ENABLE_OBJC_WEAK = YES;
				CLANG_WARN_BLOCK_CAPTURE_AUTORELEASING = YES;
				CLANG_WARN_BOOL_CONVERSION = YES;
				CLANG_WARN_COMMA = YES;
				CLANG_WARN_CONSTANT_CONVERSION = YES;
				CLANG_WARN_DEPRECATED_OBJC_IMPLEMENTATIONS = YES;
				CLANG_WARN_DIRECT_OBJC_ISA_USAGE = YES_ERROR;
				CLANG_WARN_DOCUMENTATION_COMMENTS = YES;
				CLANG_WARN_EMPTY_BODY = YES;
				CLANG_WARN_ENUM_CONVERSION = YES;
				CLANG_WARN_INFINITE_RECURSION = YES;
				CLANG_WARN_INT_CONVERSION = YES;
				CLANG_WARN_NON_LITERAL_NULL_CONVERSION = YES;
				CLANG_WARN_OBJC_IMPLICIT_RETAIN_SELF = YES;
				CLANG_WARN_OBJC_LITERAL_CONVERSION = YES;
				CLANG_WARN_OBJC_ROOT_CLASS = YES_ERROR;
				CLANG_WARN_QUOTED_INCLUDE_IN_FRAMEWORK_HEADER = YES;
				CLANG_WARN_RANGE_LOOP_ANALYSIS = YES;
				CLANG_WARN_STRICT_PROTOTYPES = YES;
				CLANG_WARN_SUSPICIOUS_MOVE = YES;
				CLANG_WARN_UNGUARDED_AVAILABILITY = YES_AGGRESSIVE;
				CLANG_WARN_UNREACHABLE_CODE = YES;
				CLANG_WARN__DUPLICATE_METHOD_MATCH = YES;
				COPY_PHASE_STRIP = NO;
				DEBUG_INFORMATION_FORMAT = "dwarf-with-dsym";
				ENABLE_NS_ASSERTIONS = NO;
				ENABLE_STRICT_OBJC_MSGSEND = YES;
				GCC_C_LANGUAGE_STANDARD = gnu11;
				GCC_NO_COMMON_BLOCKS = YES;
				GCC_WARN_64_TO_32_BIT_CONVERSION = YES;
				GCC_WARN_ABOUT_RETURN_TYPE = YES_ERROR;
				GCC_WARN_UNDECLARED_SELECTOR = YES;
				GCC_WARN_UNINITIALIZED_AUTOS = YES_AGGRESSIVE;
				GCC_WARN_UNUSED_FUNCTION = YES;
				GCC_WARN_UNUSED_VARIABLE = YES;
				IPHONEOS_DEPLOYMENT_TARGET = 16.1;
				MTL_ENABLE_DEBUG_INFO = NO;
				MTL_FAST_MATH = YES;
				SDKROOT = iphoneos;
				SWIFT_COMPILATION_MODE = wholemodule;
				SWIFT_OPTIMIZATION_LEVEL = "-O";
				VALIDATE_PRODUCT = YES;
			};
			name = Release;
		};
		8342FBE4299B4737005926F5 /* Debug */ = {
			isa = XCBuildConfiguration;
			buildSettings = {
				ASSETCATALOG_COMPILER_APPICON_NAME = AppIcon;
				ASSETCATALOG_COMPILER_GLOBAL_ACCENT_COLOR_NAME = AccentColor;
				CODE_SIGN_STYLE = Automatic;
				CURRENT_PROJECT_VERSION = 1;
				DEVELOPMENT_TEAM = 77KMF9SL3T;
				GENERATE_INFOPLIST_FILE = YES;
				INFOPLIST_FILE = AU_05/Info.plist;
				INFOPLIST_KEY_UIApplicationSupportsIndirectInputEvents = YES;
				INFOPLIST_KEY_UILaunchStoryboardName = LaunchScreen;
				INFOPLIST_KEY_UIMainStoryboardFile = Main;
				INFOPLIST_KEY_UISupportedInterfaceOrientations_iPad = "UIInterfaceOrientationPortrait UIInterfaceOrientationPortraitUpsideDown UIInterfaceOrientationLandscapeLeft UIInterfaceOrientationLandscapeRight";
				INFOPLIST_KEY_UISupportedInterfaceOrientations_iPhone = "UIInterfaceOrientationPortrait UIInterfaceOrientationLandscapeLeft UIInterfaceOrientationLandscapeRight";
				LD_RUNPATH_SEARCH_PATHS = (
					"$(inherited)",
					"@executable_path/Frameworks",
				);
				MARKETING_VERSION = 1.0;
				PRODUCT_BUNDLE_IDENTIFIER = "edu.auburn.onlinecss.AU-05";
				PRODUCT_NAME = "$(TARGET_NAME)";
				SWIFT_EMIT_LOC_STRINGS = YES;
				SWIFT_VERSION = 5.0;
				TARGETED_DEVICE_FAMILY = "1,2";
			};
			name = Debug;
		};
		8342FBE5299B4737005926F5 /* Release */ = {
			isa = XCBuildConfiguration;
			buildSettings = {
				ASSETCATALOG_COMPILER_APPICON_NAME = AppIcon;
				ASSETCATALOG_COMPILER_GLOBAL_ACCENT_COLOR_NAME = AccentColor;
				CODE_SIGN_STYLE = Automatic;
				CURRENT_PROJECT_VERSION = 1;
				DEVELOPMENT_TEAM = 77KMF9SL3T;
				GENERATE_INFOPLIST_FILE = YES;
				INFOPLIST_FILE = AU_05/Info.plist;
				INFOPLIST_KEY_UIApplicationSupportsIndirectInputEvents = YES;
				INFOPLIST_KEY_UILaunchStoryboardName = LaunchScreen;
				INFOPLIST_KEY_UIMainStoryboardFile = Main;
				INFOPLIST_KEY_UISupportedInterfaceOrientations_iPad = "UIInterfaceOrientationPortrait UIInterfaceOrientationPortraitUpsideDown UIInterfaceOrientationLandscapeLeft UIInterfaceOrientationLandscapeRight";
				INFOPLIST_KEY_UISupportedInterfaceOrientations_iPhone = "UIInterfaceOrientationPortrait UIInterfaceOrientationLandscapeLeft UIInterfaceOrientationLandscapeRight";
				LD_RUNPATH_SEARCH_PATHS = (
					"$(inherited)",
					"@executable_path/Frameworks",
				);
				MARKETING_VERSION = 1.0;
				PRODUCT_BUNDLE_IDENTIFIER = "edu.auburn.onlinecss.AU-05";
				PRODUCT_NAME = "$(TARGET_NAME)";
				SWIFT_EMIT_LOC_STRINGS = YES;
				SWIFT_VERSION = 5.0;
				TARGETED_DEVICE_FAMILY = "1,2";
			};
			name = Release;
		};
/* End XCBuildConfiguration section */

/* Begin XCConfigurationList section */
		8342FBCA299B4736005926F5 /* Build configuration list for PBXProject "AU_05" */ = {
			isa = XCConfigurationList;
			buildConfigurations = (
				8342FBE1299B4737005926F5 /* Debug */,
				8342FBE2299B4737005926F5 /* Release */,
			);
			defaultConfigurationIsVisible = 0;
			defaultConfigurationName = Release;
		};
		8342FBE3299B4737005926F5 /* Build configuration list for PBXNativeTarget "AU_05" */ = {
			isa = XCConfigurationList;
			buildConfigurations = (
				8342FBE4299B4737005926F5 /* Debug */,
				8342FBE5299B4737005926F5 /* Release */,
			);
			defaultConfigurationIsVisible = 0;
			defaultConfigurationName = Release;
		};
/* End XCConfigurationList section */
	};
	rootObject = 8342FBC7299B4736005926F5 /* Project object */;
}
